// !$*UTF8*$!
{
	archiveVersion = 1;
	classes = {
	};
	objectVersion = 46;
	objects = {

/* Begin PBXBuildFile section */
		1AD8E6511C91B0E200CD50B6 /* AppDelegate.swift in Sources */ = {isa = PBXBuildFile; fileRef = 1AD8E6501C91B0E200CD50B6 /* AppDelegate.swift */; };
		1AD8E6531C91B0E200CD50B6 /* ViewController.swift in Sources */ = {isa = PBXBuildFile; fileRef = 1AD8E6521C91B0E200CD50B6 /* ViewController.swift */; };
		1AD8E6561C91B0E200CD50B6 /* Main.storyboard in Resources */ = {isa = PBXBuildFile; fileRef = 1AD8E6541C91B0E200CD50B6 /* Main.storyboard */; };
		1AD8E6581C91B0E200CD50B6 /* Assets.xcassets in Resources */ = {isa = PBXBuildFile; fileRef = 1AD8E6571C91B0E200CD50B6 /* Assets.xcassets */; };
		1AD8E65B1C91B0E200CD50B6 /* LaunchScreen.storyboard in Resources */ = {isa = PBXBuildFile; fileRef = 1AD8E6591C91B0E200CD50B6 /* LaunchScreen.storyboard */; };
		1AD8E66A1C91B18D00CD50B6 /* NotoSans-Bold.ttf in Resources */ = {isa = PBXBuildFile; fileRef = 1AD8E6661C91B18D00CD50B6 /* NotoSans-Bold.ttf */; };
		1AD8E66B1C91B18D00CD50B6 /* NotoSans-BoldItalic.ttf in Resources */ = {isa = PBXBuildFile; fileRef = 1AD8E6671C91B18D00CD50B6 /* NotoSans-BoldItalic.ttf */; };
		1AD8E66C1C91B18D00CD50B6 /* NotoSans-Italic.ttf in Resources */ = {isa = PBXBuildFile; fileRef = 1AD8E6681C91B18D00CD50B6 /* NotoSans-Italic.ttf */; };
		1AD8E66D1C91B18D00CD50B6 /* NotoSans-Regular.ttf in Resources */ = {isa = PBXBuildFile; fileRef = 1AD8E6691C91B18D00CD50B6 /* NotoSans-Regular.ttf */; };
		1AD8E6711C91C3F800CD50B6 /* MaterialView.swift in Sources */ = {isa = PBXBuildFile; fileRef = 1AD8E6701C91C3F800CD50B6 /* MaterialView.swift */; };
		1AD8E6741C91C44100CD50B6 /* Constants.swift in Sources */ = {isa = PBXBuildFile; fileRef = 1AD8E6731C91C44100CD50B6 /* Constants.swift */; };
		1AD8E6771C91CF5A00CD50B6 /* IndieFlower.ttf in Resources */ = {isa = PBXBuildFile; fileRef = 1AD8E6761C91CF5A00CD50B6 /* IndieFlower.ttf */; };
		1AD8E6791C91D0D700CD50B6 /* MaterialButton.swift in Sources */ = {isa = PBXBuildFile; fileRef = 1AD8E6781C91D0D700CD50B6 /* MaterialButton.swift */; };
		1AD8E67B1C91D13200CD50B6 /* MaterialImageView.swift in Sources */ = {isa = PBXBuildFile; fileRef = 1AD8E67A1C91D13200CD50B6 /* MaterialImageView.swift */; };
		1AD8E67D1C91DDA100CD50B6 /* MaterialTextField.swift in Sources */ = {isa = PBXBuildFile; fileRef = 1AD8E67C1C91DDA100CD50B6 /* MaterialTextField.swift */; };
		1AD8E6821C924E4900CD50B6 /* Bolts.framework in Frameworks */ = {isa = PBXBuildFile; fileRef = 1AD8E67F1C924E4900CD50B6 /* Bolts.framework */; };
		1AD8E6831C924E4900CD50B6 /* FBSDKCoreKit.framework in Frameworks */ = {isa = PBXBuildFile; fileRef = 1AD8E6801C924E4900CD50B6 /* FBSDKCoreKit.framework */; };
		1AD8E6841C924E4900CD50B6 /* FBSDKLoginKit.framework in Frameworks */ = {isa = PBXBuildFile; fileRef = 1AD8E6811C924E4900CD50B6 /* FBSDKLoginKit.framework */; };
/* End PBXBuildFile section */

/* Begin PBXFileReference section */
		1AD8E64D1C91B0E200CD50B6 /* thecrazyweekend.app */ = {isa = PBXFileReference; explicitFileType = wrapper.application; includeInIndex = 0; path = thecrazyweekend.app; sourceTree = BUILT_PRODUCTS_DIR; };
		1AD8E6501C91B0E200CD50B6 /* AppDelegate.swift */ = {isa = PBXFileReference; lastKnownFileType = sourcecode.swift; path = AppDelegate.swift; sourceTree = "<group>"; };
		1AD8E6521C91B0E200CD50B6 /* ViewController.swift */ = {isa = PBXFileReference; lastKnownFileType = sourcecode.swift; path = ViewController.swift; sourceTree = "<group>"; };
		1AD8E6551C91B0E200CD50B6 /* Base */ = {isa = PBXFileReference; lastKnownFileType = file.storyboard; name = Base; path = Base.lproj/Main.storyboard; sourceTree = "<group>"; };
		1AD8E6571C91B0E200CD50B6 /* Assets.xcassets */ = {isa = PBXFileReference; lastKnownFileType = folder.assetcatalog; path = Assets.xcassets; sourceTree = "<group>"; };
		1AD8E65A1C91B0E200CD50B6 /* Base */ = {isa = PBXFileReference; lastKnownFileType = file.storyboard; name = Base; path = Base.lproj/LaunchScreen.storyboard; sourceTree = "<group>"; };
		1AD8E65C1C91B0E200CD50B6 /* Info.plist */ = {isa = PBXFileReference; lastKnownFileType = text.plist.xml; path = Info.plist; sourceTree = "<group>"; };
		1AD8E6661C91B18D00CD50B6 /* NotoSans-Bold.ttf */ = {isa = PBXFileReference; lastKnownFileType = file; path = "NotoSans-Bold.ttf"; sourceTree = "<group>"; };
		1AD8E6671C91B18D00CD50B6 /* NotoSans-BoldItalic.ttf */ = {isa = PBXFileReference; lastKnownFileType = file; path = "NotoSans-BoldItalic.ttf"; sourceTree = "<group>"; };
		1AD8E6681C91B18D00CD50B6 /* NotoSans-Italic.ttf */ = {isa = PBXFileReference; lastKnownFileType = file; path = "NotoSans-Italic.ttf"; sourceTree = "<group>"; };
		1AD8E6691C91B18D00CD50B6 /* NotoSans-Regular.ttf */ = {isa = PBXFileReference; lastKnownFileType = file; path = "NotoSans-Regular.ttf"; sourceTree = "<group>"; };
		1AD8E6701C91C3F800CD50B6 /* MaterialView.swift */ = {isa = PBXFileReference; fileEncoding = 4; lastKnownFileType = sourcecode.swift; path = MaterialView.swift; sourceTree = "<group>"; };
		1AD8E6731C91C44100CD50B6 /* Constants.swift */ = {isa = PBXFileReference; fileEncoding = 4; lastKnownFileType = sourcecode.swift; path = Constants.swift; sourceTree = "<group>"; };
		1AD8E6761C91CF5A00CD50B6 /* IndieFlower.ttf */ = {isa = PBXFileReference; lastKnownFileType = file; path = IndieFlower.ttf; sourceTree = "<group>"; };
		1AD8E6781C91D0D700CD50B6 /* MaterialButton.swift */ = {isa = PBXFileReference; fileEncoding = 4; lastKnownFileType = sourcecode.swift; path = MaterialButton.swift; sourceTree = "<group>"; };
		1AD8E67A1C91D13200CD50B6 /* MaterialImageView.swift */ = {isa = PBXFileReference; fileEncoding = 4; lastKnownFileType = sourcecode.swift; path = MaterialImageView.swift; sourceTree = "<group>"; };
		1AD8E67C1C91DDA100CD50B6 /* MaterialTextField.swift */ = {isa = PBXFileReference; fileEncoding = 4; lastKnownFileType = sourcecode.swift; path = MaterialTextField.swift; sourceTree = "<group>"; };
		1AD8E67F1C924E4900CD50B6 /* Bolts.framework */ = {isa = PBXFileReference; lastKnownFileType = wrapper.framework; path = Bolts.framework; sourceTree = "<group>"; };
		1AD8E6801C924E4900CD50B6 /* FBSDKCoreKit.framework */ = {isa = PBXFileReference; lastKnownFileType = wrapper.framework; path = FBSDKCoreKit.framework; sourceTree = "<group>"; };
		1AD8E6811C924E4900CD50B6 /* FBSDKLoginKit.framework */ = {isa = PBXFileReference; lastKnownFileType = wrapper.framework; path = FBSDKLoginKit.framework; sourceTree = "<group>"; };
/* End PBXFileReference section */

/* Begin PBXFrameworksBuildPhase section */
		1AD8E64A1C91B0E200CD50B6 /* Frameworks */ = {
			isa = PBXFrameworksBuildPhase;
			buildActionMask = 2147483647;
			files = (
				1AD8E6821C924E4900CD50B6 /* Bolts.framework in Frameworks */,
				1AD8E6831C924E4900CD50B6 /* FBSDKCoreKit.framework in Frameworks */,
				1AD8E6841C924E4900CD50B6 /* FBSDKLoginKit.framework in Frameworks */,
			);
			runOnlyForDeploymentPostprocessing = 0;
		};
/* End PBXFrameworksBuildPhase section */

/* Begin PBXGroup section */
		1AD8E6441C91B0E200CD50B6 = {
			isa = PBXGroup;
			children = (
				1AD8E64F1C91B0E200CD50B6 /* thecrazyweekend */,
				1AD8E64E1C91B0E200CD50B6 /* Products */,
			);
			sourceTree = "<group>";
		};
		1AD8E64E1C91B0E200CD50B6 /* Products */ = {
			isa = PBXGroup;
			children = (
				1AD8E64D1C91B0E200CD50B6 /* thecrazyweekend.app */,
			);
			name = Products;
			sourceTree = "<group>";
		};
		1AD8E64F1C91B0E200CD50B6 /* thecrazyweekend */ = {
			isa = PBXGroup;
			children = (
				1AD8E67E1C924E1A00CD50B6 /* Frameworks */,
				1AD8E6721C91C43000CD50B6 /* Util */,
				1AD8E6651C91B13E00CD50B6 /* Resources */,
				1AD8E6641C91B13000CD50B6 /* Controller */,
				1AD8E6631C91B12500CD50B6 /* View */,
				1AD8E6621C91B11800CD50B6 /* Model */,
				1AD8E6501C91B0E200CD50B6 /* AppDelegate.swift */,
				1AD8E6521C91B0E200CD50B6 /* ViewController.swift */,
				1AD8E6541C91B0E200CD50B6 /* Main.storyboard */,
				1AD8E6571C91B0E200CD50B6 /* Assets.xcassets */,
				1AD8E6591C91B0E200CD50B6 /* LaunchScreen.storyboard */,
				1AD8E65C1C91B0E200CD50B6 /* Info.plist */,
			);
			path = thecrazyweekend;
			sourceTree = "<group>";
		};
		1AD8E6621C91B11800CD50B6 /* Model */ = {
			isa = PBXGroup;
			children = (
			);
			name = Model;
			sourceTree = "<group>";
		};
		1AD8E6631C91B12500CD50B6 /* View */ = {
			isa = PBXGroup;
			children = (
				1AD8E6701C91C3F800CD50B6 /* MaterialView.swift */,
				1AD8E6781C91D0D700CD50B6 /* MaterialButton.swift */,
				1AD8E67A1C91D13200CD50B6 /* MaterialImageView.swift */,
				1AD8E67C1C91DDA100CD50B6 /* MaterialTextField.swift */,
			);
			name = View;
			sourceTree = "<group>";
		};
		1AD8E6641C91B13000CD50B6 /* Controller */ = {
			isa = PBXGroup;
			children = (
			);
			name = Controller;
			sourceTree = "<group>";
		};
		1AD8E6651C91B13E00CD50B6 /* Resources */ = {
			isa = PBXGroup;
			children = (
				1AD8E6761C91CF5A00CD50B6 /* IndieFlower.ttf */,
				1AD8E6661C91B18D00CD50B6 /* NotoSans-Bold.ttf */,
				1AD8E6671C91B18D00CD50B6 /* NotoSans-BoldItalic.ttf */,
				1AD8E6681C91B18D00CD50B6 /* NotoSans-Italic.ttf */,
				1AD8E6691C91B18D00CD50B6 /* NotoSans-Regular.ttf */,
			);
			name = Resources;
			sourceTree = "<group>";
		};
		1AD8E6721C91C43000CD50B6 /* Util */ = {
			isa = PBXGroup;
			children = (
				1AD8E6731C91C44100CD50B6 /* Constants.swift */,
			);
			name = Util;
			sourceTree = "<group>";
		};
		1AD8E67E1C924E1A00CD50B6 /* Frameworks */ = {
			isa = PBXGroup;
			children = (
				1AD8E67F1C924E4900CD50B6 /* Bolts.framework */,
				1AD8E6801C924E4900CD50B6 /* FBSDKCoreKit.framework */,
				1AD8E6811C924E4900CD50B6 /* FBSDKLoginKit.framework */,
			);
			name = Frameworks;
			sourceTree = "<group>";
		};
/* End PBXGroup section */

/* Begin PBXNativeTarget section */
		1AD8E64C1C91B0E200CD50B6 /* thecrazyweekend */ = {
			isa = PBXNativeTarget;
			buildConfigurationList = 1AD8E65F1C91B0E200CD50B6 /* Build configuration list for PBXNativeTarget "thecrazyweekend" */;
			buildPhases = (
				1AD8E6491C91B0E200CD50B6 /* Sources */,
				1AD8E64A1C91B0E200CD50B6 /* Frameworks */,
				1AD8E64B1C91B0E200CD50B6 /* Resources */,
			);
			buildRules = (
			);
			dependencies = (
			);
			name = thecrazyweekend;
			productName = thecrazyweekend;
			productReference = 1AD8E64D1C91B0E200CD50B6 /* thecrazyweekend.app */;
			productType = "com.apple.product-type.application";
		};
/* End PBXNativeTarget section */

/* Begin PBXProject section */
		1AD8E6451C91B0E200CD50B6 /* Project object */ = {
			isa = PBXProject;
			attributes = {
				LastSwiftUpdateCheck = 0730;
				LastUpgradeCheck = 0730;
				ORGANIZATIONNAME = "James DuBois";
				TargetAttributes = {
					1AD8E64C1C91B0E200CD50B6 = {
						CreatedOnToolsVersion = 7.3;
					};
				};
			};
			buildConfigurationList = 1AD8E6481C91B0E200CD50B6 /* Build configuration list for PBXProject "thecrazyweekend" */;
			compatibilityVersion = "Xcode 3.2";
			developmentRegion = English;
			hasScannedForEncodings = 0;
			knownRegions = (
				en,
				Base,
			);
			mainGroup = 1AD8E6441C91B0E200CD50B6;
			productRefGroup = 1AD8E64E1C91B0E200CD50B6 /* Products */;
			projectDirPath = "";
			projectRoot = "";
			targets = (
				1AD8E64C1C91B0E200CD50B6 /* thecrazyweekend */,
			);
		};
/* End PBXProject section */

/* Begin PBXResourcesBuildPhase section */
		1AD8E64B1C91B0E200CD50B6 /* Resources */ = {
			isa = PBXResourcesBuildPhase;
			buildActionMask = 2147483647;
			files = (
				1AD8E66A1C91B18D00CD50B6 /* NotoSans-Bold.ttf in Resources */,
				1AD8E65B1C91B0E200CD50B6 /* LaunchScreen.storyboard in Resources */,
				1AD8E66B1C91B18D00CD50B6 /* NotoSans-BoldItalic.ttf in Resources */,
				1AD8E6771C91CF5A00CD50B6 /* IndieFlower.ttf in Resources */,
				1AD8E66C1C91B18D00CD50B6 /* NotoSans-Italic.ttf in Resources */,
				1AD8E6581C91B0E200CD50B6 /* Assets.xcassets in Resources */,
				1AD8E6561C91B0E200CD50B6 /* Main.storyboard in Resources */,
				1AD8E66D1C91B18D00CD50B6 /* NotoSans-Regular.ttf in Resources */,
			);
			runOnlyForDeploymentPostprocessing = 0;
		};
/* End PBXResourcesBuildPhase section */

/* Begin PBXSourcesBuildPhase section */
		1AD8E6491C91B0E200CD50B6 /* Sources */ = {
			isa = PBXSourcesBuildPhase;
			buildActionMask = 2147483647;
			files = (
				1AD8E6711C91C3F800CD50B6 /* MaterialView.swift in Sources */,
				1AD8E6531C91B0E200CD50B6 /* ViewController.swift in Sources */,
				1AD8E6511C91B0E200CD50B6 /* AppDelegate.swift in Sources */,
				1AD8E6741C91C44100CD50B6 /* Constants.swift in Sources */,
				1AD8E6791C91D0D700CD50B6 /* MaterialButton.swift in Sources */,
				1AD8E67B1C91D13200CD50B6 /* MaterialImageView.swift in Sources */,
				1AD8E67D1C91DDA100CD50B6 /* MaterialTextField.swift in Sources */,
			);
			runOnlyForDeploymentPostprocessing = 0;
		};
/* End PBXSourcesBuildPhase section */

/* Begin PBXVariantGroup section */
		1AD8E6541C91B0E200CD50B6 /* Main.storyboard */ = {
			isa = PBXVariantGroup;
			children = (
				1AD8E6551C91B0E200CD50B6 /* Base */,
			);
			name = Main.storyboard;
			sourceTree = "<group>";
		};
		1AD8E6591C91B0E200CD50B6 /* LaunchScreen.storyboard */ = {
			isa = PBXVariantGroup;
			children = (
				1AD8E65A1C91B0E200CD50B6 /* Base */,
			);
			name = LaunchScreen.storyboard;
			sourceTree = "<group>";
		};
/* End PBXVariantGroup section */

/* Begin XCBuildConfiguration section */
		1AD8E65D1C91B0E200CD50B6 /* Debug */ = {
			isa = XCBuildConfiguration;
			buildSettings = {
				ALWAYS_SEARCH_USER_PATHS = NO;
				CLANG_ANALYZER_NONNULL = YES;
				CLANG_CXX_LANGUAGE_STANDARD = "gnu++0x";
				CLANG_CXX_LIBRARY = "libc++";
				CLANG_ENABLE_MODULES = YES;
				CLANG_ENABLE_OBJC_ARC = YES;
				CLANG_WARN_BOOL_CONVERSION = YES;
				CLANG_WARN_CONSTANT_CONVERSION = YES;
				CLANG_WARN_DIRECT_OBJC_ISA_USAGE = YES_ERROR;
				CLANG_WARN_EMPTY_BODY = YES;
				CLANG_WARN_ENUM_CONVERSION = YES;
				CLANG_WARN_INT_CONVERSION = YES;
				CLANG_WARN_OBJC_ROOT_CLASS = YES_ERROR;
				CLANG_WARN_UNREACHABLE_CODE = YES;
				CLANG_WARN__DUPLICATE_METHOD_MATCH = YES;
				"CODE_SIGN_IDENTITY[sdk=iphoneos*]" = "iPhone Developer";
				COPY_PHASE_STRIP = NO;
				DEBUG_INFORMATION_FORMAT = dwarf;
				ENABLE_STRICT_OBJC_MSGSEND = YES;
				ENABLE_TESTABILITY = YES;
				GCC_C_LANGUAGE_STANDARD = gnu99;
				GCC_DYNAMIC_NO_PIC = NO;
				GCC_NO_COMMON_BLOCKS = YES;
				GCC_OPTIMIZATION_LEVEL = 0;
				GCC_PREPROCESSOR_DEFINITIONS = (
					"DEBUG=1",
					"$(inherited)",
				);
				GCC_WARN_64_TO_32_BIT_CONVERSION = YES;
				GCC_WARN_ABOUT_RETURN_TYPE = YES_ERROR;
				GCC_WARN_UNDECLARED_SELECTOR = YES;
				GCC_WARN_UNINITIALIZED_AUTOS = YES_AGGRESSIVE;
				GCC_WARN_UNUSED_FUNCTION = YES;
				GCC_WARN_UNUSED_VARIABLE = YES;
				IPHONEOS_DEPLOYMENT_TARGET = 9.3;
				MTL_ENABLE_DEBUG_INFO = YES;
				ONLY_ACTIVE_ARCH = YES;
				SDKROOT = iphoneos;
				SWIFT_OPTIMIZATION_LEVEL = "-Onone";
			};
			name = Debug;
		};
		1AD8E65E1C91B0E200CD50B6 /* Release */ = {
			isa = XCBuildConfiguration;
			buildSettings = {
				ALWAYS_SEARCH_USER_PATHS = NO;
				CLANG_ANALYZER_NONNULL = YES;
				CLANG_CXX_LANGUAGE_STANDARD = "gnu++0x";
				CLANG_CXX_LIBRARY = "libc++";
				CLANG_ENABLE_MODULES = YES;
				CLANG_ENABLE_OBJC_ARC = YES;
				CLANG_WARN_BOOL_CONVERSION = YES;
				CLANG_WARN_CONSTANT_CONVERSION = YES;
				CLANG_WARN_DIRECT_OBJC_ISA_USAGE = YES_ERROR;
				CLANG_WARN_EMPTY_BODY = YES;
				CLANG_WARN_ENUM_CONVERSION = YES;
				CLANG_WARN_INT_CONVERSION = YES;
				CLANG_WARN_OBJC_ROOT_CLASS = YES_ERROR;
				CLANG_WARN_UNREACHABLE_CODE = YES;
				CLANG_WARN__DUPLICATE_METHOD_MATCH = YES;
				"CODE_SIGN_IDENTITY[sdk=iphoneos*]" = "iPhone Developer";
				COPY_PHASE_STRIP = NO;
				DEBUG_INFORMATION_FORMAT = "dwarf-with-dsym";
				ENABLE_NS_ASSERTIONS = NO;
				ENABLE_STRICT_OBJC_MSGSEND = YES;
				GCC_C_LANGUAGE_STANDARD = gnu99;
				GCC_NO_COMMON_BLOCKS = YES;
				GCC_WARN_64_TO_32_BIT_CONVERSION = YES;
				GCC_WARN_ABOUT_RETURN_TYPE = YES_ERROR;
				GCC_WARN_UNDECLARED_SELECTOR = YES;
				GCC_WARN_UNINITIALIZED_AUTOS = YES_AGGRESSIVE;
				GCC_WARN_UNUSED_FUNCTION = YES;
				GCC_WARN_UNUSED_VARIABLE = YES;
				IPHONEOS_DEPLOYMENT_TARGET = 9.3;
				MTL_ENABLE_DEBUG_INFO = NO;
				SDKROOT = iphoneos;
				VALIDATE_PRODUCT = YES;
			};
			name = Release;
		};
		1AD8E6601C91B0E200CD50B6 /* Debug */ = {
			isa = XCBuildConfiguration;
			buildSettings = {
				ASSETCATALOG_COMPILER_APPICON_NAME = AppIcon;
				FRAMEWORK_SEARCH_PATHS = (
					"$(inherited)",
					"$(PROJECT_DIR)/thecrazyweekend",
				);
				INFOPLIST_FILE = thecrazyweekend/Info.plist;
				LD_RUNPATH_SEARCH_PATHS = "$(inherited) @executable_path/Frameworks";
				PRODUCT_BUNDLE_IDENTIFIER = com.jamesrdubois.thecrazyweekend;
				PRODUCT_NAME = "$(TARGET_NAME)";
			};
			name = Debug;
		};
		1AD8E6611C91B0E200CD50B6 /* Release */ = {
			isa = XCBuildConfiguration;
			buildSettings = {
				ASSETCATALOG_COMPILER_APPICON_NAME = AppIcon;
				FRAMEWORK_SEARCH_PATHS = (
					"$(inherited)",
					"$(PROJECT_DIR)/thecrazyweekend",
				);
				INFOPLIST_FILE = thecrazyweekend/Info.plist;
				LD_RUNPATH_SEARCH_PATHS = "$(inherited) @executable_path/Frameworks";
				PRODUCT_BUNDLE_IDENTIFIER = com.jamesrdubois.thecrazyweekend;
				PRODUCT_NAME = "$(TARGET_NAME)";
			};
			name = Release;
		};
/* End XCBuildConfiguration section */

/* Begin XCConfigurationList section */
		1AD8E6481C91B0E200CD50B6 /* Build configuration list for PBXProject "thecrazyweekend" */ = {
			isa = XCConfigurationList;
			buildConfigurations = (
				1AD8E65D1C91B0E200CD50B6 /* Debug */,
				1AD8E65E1C91B0E200CD50B6 /* Release */,
			);
			defaultConfigurationIsVisible = 0;
			defaultConfigurationName = Release;
		};
		1AD8E65F1C91B0E200CD50B6 /* Build configuration list for PBXNativeTarget "thecrazyweekend" */ = {
			isa = XCConfigurationList;
			buildConfigurations = (
				1AD8E6601C91B0E200CD50B6 /* Debug */,
				1AD8E6611C91B0E200CD50B6 /* Release */,
			);
			defaultConfigurationIsVisible = 0;
			defaultConfigurationName = Release;
		};
/* End XCConfigurationList section */
	};
	rootObject = 1AD8E6451C91B0E200CD50B6 /* Project object */;
}
